
Microsoft Visual Studio Solution File, Format Version 12.00
# Visual Studio Version 16
VisualStudioVersion = 16.0.33801.447
MinimumVisualStudioVersion = 10.0.40219.1
Project("{FAE04EC0-301F-11D3-BF4B-00C04F79EFBC}") = "GameServer", "GameServer.csproj", "{A68D049A-ACC3-4E85-AC55-153398990A4A}"
EndProject
Project("{2150E333-8FDC-42A3-9474-1A3956D46DE8}") = "Solution Items", "Solution Items", "{4FC00F40-8E2D-409A-A7D4-0FAFEAEAA085}"
	ProjectSection(SolutionItems) = preProject
		Class1.cs = Class1.cs
	EndProjectSection
EndProject
Global
	GlobalSection(SolutionConfigurationPlatforms) = preSolution
		Debug|Any CPU = Debug|Any CPU
		Release|Any CPU = Release|Any CPU
	EndGlobalSection
	GlobalSection(ProjectConfigurationPlatforms) = postSolution
		{A68D049A-ACC3-4E85-AC55-153398990A4A}.Debug|Any CPU.ActiveCfg = Debug|Any CPU
		{A68D049A-ACC3-4E85-AC55-153398990A4A}.Debug|Any CPU.Build.0 = Debug|Any CPU
		{A68D049A-ACC3-4E85-AC55-153398990A4A}.Release|Any CPU.ActiveCfg = Release|Any CPU
		{A68D049A-ACC3-4E85-AC55-153398990A4A}.Release|Any CPU.Build.0 = Release|Any CPU
	EndGlobalSection
	GlobalSection(SolutionProperties) = preSolution
		HideSolutionNode = FALSE
	EndGlobalSection
	GlobalSection(ExtensibilityGlobals) = postSolution
		SolutionGuid = {5DDD61EB-89EC-49FD-A7AA-BFFFB1511FEF}
	EndGlobalSection
EndGlobal
