
Microsoft Visual Studio Solution File, Format Version 12.00
# Visual Studio Version 17
VisualStudioVersion = 17.6.33829.357
MinimumVisualStudioVersion = 10.0.40219.1
Project("{FAE04EC0-301F-11D3-BF4B-00C04F79EFBC}") = "test", "test.csproj", "{F9C8D466-E3E4-47D0-A5C9-5D255E2B6705}"
EndProject
Global
	GlobalSection(SolutionConfigurationPlatforms) = preSolution
		Debug|Any CPU = Debug|Any CPU
		Release|Any CPU = Release|Any CPU
	EndGlobalSection
	GlobalSection(ProjectConfigurationPlatforms) = postSolution
		{F9C8D466-E3E4-47D0-A5C9-5D255E2B6705}.Debug|Any CPU.ActiveCfg = Debug|Any CPU
		{F9C8D466-E3E4-47D0-A5C9-5D255E2B6705}.Debug|Any CPU.Build.0 = Debug|Any CPU
		{F9C8D466-E3E4-47D0-A5C9-5D255E2B6705}.Release|Any CPU.ActiveCfg = Release|Any CPU
		{F9C8D466-E3E4-47D0-A5C9-5D255E2B6705}.Release|Any CPU.Build.0 = Release|Any CPU
	EndGlobalSection
	GlobalSection(SolutionProperties) = preSolution
		HideSolutionNode = FALSE
	EndGlobalSection
	GlobalSection(ExtensibilityGlobals) = postSolution
		SolutionGuid = {47829B44-D178-436E-8DFB-7170E23F93C9}
	EndGlobalSection
EndGlobal
